{
  "name": "user-validation-form",
  "version": "1.0.0",
  "lockfileVersion": 2,
  "requires": true,
  "packages": {
    "": {
      "name": "user-validation-form",
      "version": "1.0.0",
      "license": "ISC",
      "dependencies": {
        "postcode-validator": "^3.8.20"
      }
    },
    "node_modules/postcode-validator": {
      "version": "3.8.20",
      "resolved": "https://registry.npmjs.org/postcode-validator/-/postcode-validator-3.8.20.tgz",
      "integrity": "sha512-cvxPfYdtfzTPtQuqnsGQe8rObb9CcCJou93OhSY038yVDdL5aU2QjDQqgNtD5sFpaic+BYrEHAGEEA+WB/nHXg=="
    }
  },
  "dependencies": {
    "postcode-validator": {
      "version": "3.8.20",
      "resolved": "https://registry.npmjs.org/postcode-validator/-/postcode-validator-3.8.20.tgz",
      "integrity": "sha512-cvxPfYdtfzTPtQuqnsGQe8rObb9CcCJou93OhSY038yVDdL5aU2QjDQqgNtD5sFpaic+BYrEHAGEEA+WB/nHXg=="
    }
  }
}
